{
  "name": "@josojo/realitytoken-contracts",
  "version": "0.1.1",
  "lockfileVersion": 1,
  "requires": true,
  "dependencies": {
    "@digix/tempo": {
      "version": "0.2.0",
      "resolved": "https://registry.npmjs.org/@digix/tempo/-/tempo-0.2.0.tgz",
      "integrity": "sha1-Xa+RrXiNa1lqGarSLi5mfk7ICKg="
    },
    "@gnosis.pm/pm-contracts": {
      "version": "1.0.4",
      "resolved": "https://registry.npmjs.org/@gnosis.pm/pm-contracts/-/pm-contracts-1.0.4.tgz",
      "integrity": "sha512-dZ3wKHWDVEuysOMNICmqWt13C8ujHbe2aPneL9nhsmfjTrdQlOz3mbeZIadELzDb+kqwo8hqGuzP+u7q2Yhdsw=="
    },
    "@gnosis.pm/util-contracts": {
      "version": "0.2.10",
      "resolved": "https://registry.npmjs.org/@gnosis.pm/util-contracts/-/util-contracts-0.2.10.tgz",
      "integrity": "sha1-4UtxKNR1sPkhA2cXDOFDJOOrPvY="
    },
    "@josojo/realitycheck-contracts": {
      "version": "0.2.0",
      "resolved": "https://registry.npmjs.org/@josojo/realitycheck-contracts/-/realitycheck-contracts-0.2.0.tgz",
      "integrity": "sha512-LyNJUnlPESAgRpohhvPBQ+geGPa92L7z4Cp+mS5EWQ/T8lEZjJz9ReXpFZIjJpUKuviFXHSPLVYlLiaPNcC6ZA==",
      "requires": {
        "@digix/tempo": "0.2.0",
        "@josojo/realitytoken-contracts": "0.1.1",
        "web3": "0.19.1"
      }
    },
    "@josojo/realitytoken-contracts": {
      "version": "0.1.1",
      "resolved": "https://registry.npmjs.org/@josojo/realitytoken-contracts/-/realitytoken-contracts-0.1.1.tgz",
      "integrity": "sha512-onc7MeFjSWqTmM4F7hYhWr9XrNigL6pIxYIuKbEXMw508jwZGnVPZ6Dug5yiyvE4nxuGsdb/Ov4YMhKvj5eYWw=="
    },
    "bignumber.js": {
      "version": "4.1.0",
      "resolved": "https://registry.npmjs.org/bignumber.js/-/bignumber.js-4.1.0.tgz",
      "integrity": "sha512-eJzYkFYy9L4JzXsbymsFn3p54D+llV27oTQ+ziJG7WFRheJcNZilgVXMG0LoZtlQSKBsJdWtLFqOD0u+U0jZKA=="
    },
    "crypto-js": {
      "version": "3.1.8",
      "resolved": "https://registry.npmjs.org/crypto-js/-/crypto-js-3.1.8.tgz",
      "integrity": "sha1-cV8HC/YBTyrpkqmLOSkli3E/CNU="
    },
    "minimist": {
      "version": "1.2.0",
      "resolved": "https://registry.npmjs.org/minimist/-/minimist-1.2.0.tgz",
      "integrity": "sha1-o1AIsg9BOD7sH7kU9M1d95omQoQ="
    },
    "utf8": {
      "version": "2.1.2",
      "resolved": "https://registry.npmjs.org/utf8/-/utf8-2.1.2.tgz",
      "integrity": "sha1-H6DZJw6b6FDZsFAn9jUZv0ZFfZY="
    },
    "web3": {
      "version": "0.19.1",
      "resolved": "https://registry.npmjs.org/web3/-/web3-0.19.1.tgz",
      "integrity": "sha1-52PVsRB8S8JKvU+MvuG6Nlnm6zE=",
      "requires": {
        "bignumber.js": "4.1.0",
        "crypto-js": "3.1.8",
        "utf8": "2.1.2",
        "xhr2": "0.1.4",
        "xmlhttprequest": "1.8.0"
      }
    },
    "xhr2": {
      "version": "0.1.4",
      "resolved": "https://registry.npmjs.org/xhr2/-/xhr2-0.1.4.tgz",
      "integrity": "sha1-f4dliEdxbbUCYyOBL4GMras4el8="
    },
    "xmlhttprequest": {
      "version": "1.8.0",
      "resolved": "https://registry.npmjs.org/xmlhttprequest/-/xmlhttprequest-1.8.0.tgz",
      "integrity": "sha1-Z/4HXFwk/vOfnWX197f+dRcZaPw="
    }
  }
}
